
Microsoft Visual Studio Solution File, Format Version 12.00
# Visual Studio Version 17
VisualStudioVersion = 17.14.36623.8
MinimumVisualStudioVersion = 10.0.40219.1
Project("{FAE04EC0-301F-11D3-BF4B-00C04F79EFBC}") = "PadelBooking.API", "PadelBooking.API\PadelBooking.API.csproj", "{F281E846-54D8-4CBA-8324-20C8190E41C7}"
EndProject
Project("{FAE04EC0-301F-11D3-BF4B-00C04F79EFBC}") = "PadelBooking.BLL", "PadelBooking.BLL\PadelBooking.BLL.csproj", "{B2FFF295-6EBB-420A-B1C4-5845C1FC6027}"
EndProject
Project("{FAE04EC0-301F-11D3-BF4B-00C04F79EFBC}") = "PadelBooking.DAL", "PadelBooking.DAL\PadelBooking.DAL.csproj", "{832CBEFC-0445-4BF7-8B3F-90084B6700FE}"
EndProject
Global
	GlobalSection(SolutionConfigurationPlatforms) = preSolution
		Debug|Any CPU = Debug|Any CPU
		Release|Any CPU = Release|Any CPU
	EndGlobalSection
	GlobalSection(ProjectConfigurationPlatforms) = postSolution
		{F281E846-54D8-4CBA-8324-20C8190E41C7}.Debug|Any CPU.ActiveCfg = Debug|Any CPU
		{F281E846-54D8-4CBA-8324-20C8190E41C7}.Debug|Any CPU.Build.0 = Debug|Any CPU
		{F281E846-54D8-4CBA-8324-20C8190E41C7}.Release|Any CPU.ActiveCfg = Release|Any CPU
		{F281E846-54D8-4CBA-8324-20C8190E41C7}.Release|Any CPU.Build.0 = Release|Any CPU
		{B2FFF295-6EBB-420A-B1C4-5845C1FC6027}.Debug|Any CPU.ActiveCfg = Debug|Any CPU
		{B2FFF295-6EBB-420A-B1C4-5845C1FC6027}.Debug|Any CPU.Build.0 = Debug|Any CPU
		{B2FFF295-6EBB-420A-B1C4-5845C1FC6027}.Release|Any CPU.ActiveCfg = Release|Any CPU
		{B2FFF295-6EBB-420A-B1C4-5845C1FC6027}.Release|Any CPU.Build.0 = Release|Any CPU
		{832CBEFC-0445-4BF7-8B3F-90084B6700FE}.Debug|Any CPU.ActiveCfg = Debug|Any CPU
		{832CBEFC-0445-4BF7-8B3F-90084B6700FE}.Debug|Any CPU.Build.0 = Debug|Any CPU
		{832CBEFC-0445-4BF7-8B3F-90084B6700FE}.Release|Any CPU.ActiveCfg = Release|Any CPU
		{832CBEFC-0445-4BF7-8B3F-90084B6700FE}.Release|Any CPU.Build.0 = Release|Any CPU
	EndGlobalSection
	GlobalSection(SolutionProperties) = preSolution
		HideSolutionNode = FALSE
	EndGlobalSection
	GlobalSection(ExtensibilityGlobals) = postSolution
		SolutionGuid = {9F5B45AE-E299-44D9-916C-F9A20CFDEE4C}
	EndGlobalSection
EndGlobal
